
Microsoft Visual Studio Solution File, Format Version 12.00
# Visual Studio Version 17
VisualStudioVersion = 17.4.33213.308
MinimumVisualStudioVersion = 10.0.40219.1
Project("{FAE04EC0-301F-11D3-BF4B-00C04F79EFBC}") = "AilrineWebAPI", "AilrineWebAPI\AilrineWebAPI.csproj", "{A7D35023-B24A-4404-8B27-4E0A5B09FE8A}"
EndProject
Global
	GlobalSection(SolutionConfigurationPlatforms) = preSolution
		Debug|Any CPU = Debug|Any CPU
		Release|Any CPU = Release|Any CPU
	EndGlobalSection
	GlobalSection(ProjectConfigurationPlatforms) = postSolution
		{A7D35023-B24A-4404-8B27-4E0A5B09FE8A}.Debug|Any CPU.ActiveCfg = Debug|Any CPU
		{A7D35023-B24A-4404-8B27-4E0A5B09FE8A}.Debug|Any CPU.Build.0 = Debug|Any CPU
		{A7D35023-B24A-4404-8B27-4E0A5B09FE8A}.Release|Any CPU.ActiveCfg = Release|Any CPU
		{A7D35023-B24A-4404-8B27-4E0A5B09FE8A}.Release|Any CPU.Build.0 = Release|Any CPU
	EndGlobalSection
	GlobalSection(SolutionProperties) = preSolution
		HideSolutionNode = FALSE
	EndGlobalSection
	GlobalSection(ExtensibilityGlobals) = postSolution
		SolutionGuid = {53A0F475-4D2B-46D8-AE93-6D4A388C3AB9}
	EndGlobalSection
EndGlobal
